
Microsoft Visual Studio Solution File, Format Version 12.00
# Visual Studio Version 17
VisualStudioVersion = 17.14.36221.1
MinimumVisualStudioVersion = 10.0.40219.1
Project("{FAE04EC0-301F-11D3-BF4B-00C04F79EFBC}") = "MedTech.API", "MedTech.API\MedTech.API.csproj", "{72575B47-AAE3-4A4F-9EA5-532FBECDA58D}"
EndProject
Project("{FAE04EC0-301F-11D3-BF4B-00C04F79EFBC}") = "MedTech.Core", "MedTech.Core\MedTech.Core.csproj", "{A45ABCC4-D3A3-4A0F-9F6A-B884E43028B1}"
EndProject
Project("{FAE04EC0-301F-11D3-BF4B-00C04F79EFBC}") = "MedTech.Infrastructure", "MedTech.Infrastructure\MedTech.Infrastructure.csproj", "{FB660926-BDC1-427A-AE64-92E50766DCC3}"
EndProject
Project("{FAE04EC0-301F-11D3-BF4B-00C04F79EFBC}") = "MockEMR.API", "MockEMR.API\MockEMR.API.csproj", "{7E109B3B-A9F3-48C0-95A0-FA88A2746BB5}"
EndProject
Project("{E53339B2-1760-4266-BCC7-CA923CBCF16C}") = "docker-compose", "docker-compose.dcproj", "{81DDED9D-158B-E303-5F62-77A2896D2A5A}"
EndProject
Global
	GlobalSection(SolutionConfigurationPlatforms) = preSolution
		Debug|Any CPU = Debug|Any CPU
		Release|Any CPU = Release|Any CPU
	EndGlobalSection
	GlobalSection(ProjectConfigurationPlatforms) = postSolution
		{72575B47-AAE3-4A4F-9EA5-532FBECDA58D}.Debug|Any CPU.ActiveCfg = Debug|Any CPU
		{72575B47-AAE3-4A4F-9EA5-532FBECDA58D}.Debug|Any CPU.Build.0 = Debug|Any CPU
		{72575B47-AAE3-4A4F-9EA5-532FBECDA58D}.Release|Any CPU.ActiveCfg = Release|Any CPU
		{72575B47-AAE3-4A4F-9EA5-532FBECDA58D}.Release|Any CPU.Build.0 = Release|Any CPU
		{A45ABCC4-D3A3-4A0F-9F6A-B884E43028B1}.Debug|Any CPU.ActiveCfg = Debug|Any CPU
		{A45ABCC4-D3A3-4A0F-9F6A-B884E43028B1}.Debug|Any CPU.Build.0 = Debug|Any CPU
		{A45ABCC4-D3A3-4A0F-9F6A-B884E43028B1}.Release|Any CPU.ActiveCfg = Release|Any CPU
		{A45ABCC4-D3A3-4A0F-9F6A-B884E43028B1}.Release|Any CPU.Build.0 = Release|Any CPU
		{FB660926-BDC1-427A-AE64-92E50766DCC3}.Debug|Any CPU.ActiveCfg = Debug|Any CPU
		{FB660926-BDC1-427A-AE64-92E50766DCC3}.Debug|Any CPU.Build.0 = Debug|Any CPU
		{FB660926-BDC1-427A-AE64-92E50766DCC3}.Release|Any CPU.ActiveCfg = Release|Any CPU
		{FB660926-BDC1-427A-AE64-92E50766DCC3}.Release|Any CPU.Build.0 = Release|Any CPU
		{7E109B3B-A9F3-48C0-95A0-FA88A2746BB5}.Debug|Any CPU.ActiveCfg = Debug|Any CPU
		{7E109B3B-A9F3-48C0-95A0-FA88A2746BB5}.Debug|Any CPU.Build.0 = Debug|Any CPU
		{7E109B3B-A9F3-48C0-95A0-FA88A2746BB5}.Release|Any CPU.ActiveCfg = Release|Any CPU
		{7E109B3B-A9F3-48C0-95A0-FA88A2746BB5}.Release|Any CPU.Build.0 = Release|Any CPU
		{81DDED9D-158B-E303-5F62-77A2896D2A5A}.Debug|Any CPU.ActiveCfg = Debug|Any CPU
		{81DDED9D-158B-E303-5F62-77A2896D2A5A}.Debug|Any CPU.Build.0 = Debug|Any CPU
		{81DDED9D-158B-E303-5F62-77A2896D2A5A}.Release|Any CPU.ActiveCfg = Release|Any CPU
		{81DDED9D-158B-E303-5F62-77A2896D2A5A}.Release|Any CPU.Build.0 = Release|Any CPU
	EndGlobalSection
	GlobalSection(SolutionProperties) = preSolution
		HideSolutionNode = FALSE
	EndGlobalSection
	GlobalSection(ExtensibilityGlobals) = postSolution
		SolutionGuid = {4398D01C-CDBB-4F8F-8016-D557C3E07D36}
	EndGlobalSection
EndGlobal
